
Microsoft Visual Studio Solution File, Format Version 12.00
# Visual Studio Version 17
VisualStudioVersion = 17.3.32811.315
MinimumVisualStudioVersion = 10.0.40219.1
Project("{FAE04EC0-301F-11D3-BF4B-00C04F79EFBC}") = "libmail", "libmail\libmail.csproj", "{A49AE8BC-414F-465B-BAE0-99272E0AEDEA}"
EndProject
Global
	GlobalSection(SolutionConfigurationPlatforms) = preSolution
		Debug|Any CPU = Debug|Any CPU
		Release|Any CPU = Release|Any CPU
	EndGlobalSection
	GlobalSection(ProjectConfigurationPlatforms) = postSolution
		{A49AE8BC-414F-465B-BAE0-99272E0AEDEA}.Debug|Any CPU.ActiveCfg = Debug|Any CPU
		{A49AE8BC-414F-465B-BAE0-99272E0AEDEA}.Debug|Any CPU.Build.0 = Debug|Any CPU
		{A49AE8BC-414F-465B-BAE0-99272E0AEDEA}.Release|Any CPU.ActiveCfg = Release|Any CPU
		{A49AE8BC-414F-465B-BAE0-99272E0AEDEA}.Release|Any CPU.Build.0 = Release|Any CPU
	EndGlobalSection
	GlobalSection(SolutionProperties) = preSolution
		HideSolutionNode = FALSE
	EndGlobalSection
	GlobalSection(ExtensibilityGlobals) = postSolution
		SolutionGuid = {AE8DB7CA-C27D-4CF3-884A-63E6222A0ADA}
	EndGlobalSection
EndGlobal
